
Microsoft Visual Studio Solution File, Format Version 12.00
# Visual Studio Version 16
VisualStudioVersion = 16.0.31112.23
MinimumVisualStudioVersion = 10.0.40219.1
Project("{FAE04EC0-301F-11D3-BF4B-00C04F79EFBC}") = "Dotnet-CRUD", "Dotnet-CRUD\Dotnet-CRUD.csproj", "{FDB4431A-9FCD-4C2E-B1FA-F67AF5549A9A}"
EndProject
Global
	GlobalSection(SolutionConfigurationPlatforms) = preSolution
		Debug|Any CPU = Debug|Any CPU
		Release|Any CPU = Release|Any CPU
	EndGlobalSection
	GlobalSection(ProjectConfigurationPlatforms) = postSolution
		{FDB4431A-9FCD-4C2E-B1FA-F67AF5549A9A}.Debug|Any CPU.ActiveCfg = Debug|Any CPU
		{FDB4431A-9FCD-4C2E-B1FA-F67AF5549A9A}.Debug|Any CPU.Build.0 = Debug|Any CPU
		{FDB4431A-9FCD-4C2E-B1FA-F67AF5549A9A}.Release|Any CPU.ActiveCfg = Release|Any CPU
		{FDB4431A-9FCD-4C2E-B1FA-F67AF5549A9A}.Release|Any CPU.Build.0 = Release|Any CPU
	EndGlobalSection
	GlobalSection(SolutionProperties) = preSolution
		HideSolutionNode = FALSE
	EndGlobalSection
	GlobalSection(ExtensibilityGlobals) = postSolution
		SolutionGuid = {64ED62B2-5E73-4E86-863A-5C1EF2BAD8ED}
	EndGlobalSection
EndGlobal
